
Microsoft Visual Studio Solution File, Format Version 12.00
# Visual Studio Version 17
VisualStudioVersion = 17.5.33424.131
MinimumVisualStudioVersion = 10.0.40219.1
Project("{FAE04EC0-301F-11D3-BF4B-00C04F79EFBC}") = "ApexChartTest", "ApexChartTest\ApexChartTest.csproj", "{72357A5C-372B-4D11-AF10-DB03291D56F6}"
EndProject
Global
	GlobalSection(SolutionConfigurationPlatforms) = preSolution
		Debug|Any CPU = Debug|Any CPU
		Release|Any CPU = Release|Any CPU
	EndGlobalSection
	GlobalSection(ProjectConfigurationPlatforms) = postSolution
		{72357A5C-372B-4D11-AF10-DB03291D56F6}.Debug|Any CPU.ActiveCfg = Debug|Any CPU
		{72357A5C-372B-4D11-AF10-DB03291D56F6}.Debug|Any CPU.Build.0 = Debug|Any CPU
		{72357A5C-372B-4D11-AF10-DB03291D56F6}.Release|Any CPU.ActiveCfg = Release|Any CPU
		{72357A5C-372B-4D11-AF10-DB03291D56F6}.Release|Any CPU.Build.0 = Release|Any CPU
	EndGlobalSection
	GlobalSection(SolutionProperties) = preSolution
		HideSolutionNode = FALSE
	EndGlobalSection
	GlobalSection(ExtensibilityGlobals) = postSolution
		SolutionGuid = {E78CC9FD-D2A4-42B2-BC99-A660DCDA09E7}
	EndGlobalSection
EndGlobal
